// !$*UTF8*$!
{
	archiveVersion = 1;
	classes = {
	};
	objectVersion = 55;
	objects = {

/* Begin PBXBuildFile section */
		E54FEA1049161570079E6980 /* Pods_Picsum_ImageList.framework in Frameworks */ = {isa = PBXBuildFile; fileRef = AA98AEAD5A0AF20D5B45775A /* Pods_Picsum_ImageList.framework */; };
		F066FD4B298B7F6800290D99 /* ImageTableViewCell.swift in Sources */ = {isa = PBXBuildFile; fileRef = F066FD4A298B7F6800290D99 /* ImageTableViewCell.swift */; };
		F0FDC0F1298B759400DE2AA6 /* AppDelegate.swift in Sources */ = {isa = PBXBuildFile; fileRef = F0FDC0F0298B759400DE2AA6 /* AppDelegate.swift */; };
		F0FDC0F3298B759400DE2AA6 /* SceneDelegate.swift in Sources */ = {isa = PBXBuildFile; fileRef = F0FDC0F2298B759400DE2AA6 /* SceneDelegate.swift */; };
		F0FDC0FB298B759500DE2AA6 /* Picsum_ImageList.xcdatamodeld in Sources */ = {isa = PBXBuildFile; fileRef = F0FDC0F9298B759500DE2AA6 /* Picsum_ImageList.xcdatamodeld */; };
		F0FDC0FD298B759600DE2AA6 /* Assets.xcassets in Resources */ = {isa = PBXBuildFile; fileRef = F0FDC0FC298B759600DE2AA6 /* Assets.xcassets */; };
		F0FDC100298B759600DE2AA6 /* LaunchScreen.storyboard in Resources */ = {isa = PBXBuildFile; fileRef = F0FDC0FE298B759600DE2AA6 /* LaunchScreen.storyboard */; };
		F0FDC10B298B769800DE2AA6 /* MainViewController.swift in Sources */ = {isa = PBXBuildFile; fileRef = F0FDC10A298B769800DE2AA6 /* MainViewController.swift */; };
/* End PBXBuildFile section */

/* Begin PBXFileReference section */
		663F118B29CD7172DE23E519 /* Pods-Picsum-ImageList.debug.xcconfig */ = {isa = PBXFileReference; includeInIndex = 1; lastKnownFileType = text.xcconfig; name = "Pods-Picsum-ImageList.debug.xcconfig"; path = "Target Support Files/Pods-Picsum-ImageList/Pods-Picsum-ImageList.debug.xcconfig"; sourceTree = "<group>"; };
		AA98AEAD5A0AF20D5B45775A /* Pods_Picsum_ImageList.framework */ = {isa = PBXFileReference; explicitFileType = wrapper.framework; includeInIndex = 0; path = Pods_Picsum_ImageList.framework; sourceTree = BUILT_PRODUCTS_DIR; };
		F066FD4A298B7F6800290D99 /* ImageTableViewCell.swift */ = {isa = PBXFileReference; lastKnownFileType = sourcecode.swift; path = ImageTableViewCell.swift; sourceTree = "<group>"; };
		F0FDC0ED298B759400DE2AA6 /* Picsum-ImageList.app */ = {isa = PBXFileReference; explicitFileType = wrapper.application; includeInIndex = 0; path = "Picsum-ImageList.app"; sourceTree = BUILT_PRODUCTS_DIR; };
		F0FDC0F0298B759400DE2AA6 /* AppDelegate.swift */ = {isa = PBXFileReference; lastKnownFileType = sourcecode.swift; path = AppDelegate.swift; sourceTree = "<group>"; };
		F0FDC0F2298B759400DE2AA6 /* SceneDelegate.swift */ = {isa = PBXFileReference; lastKnownFileType = sourcecode.swift; path = SceneDelegate.swift; sourceTree = "<group>"; };
		F0FDC0FA298B759500DE2AA6 /* Picsum_ImageList.xcdatamodel */ = {isa = PBXFileReference; lastKnownFileType = wrapper.xcdatamodel; path = Picsum_ImageList.xcdatamodel; sourceTree = "<group>"; };
		F0FDC0FC298B759600DE2AA6 /* Assets.xcassets */ = {isa = PBXFileReference; lastKnownFileType = folder.assetcatalog; path = Assets.xcassets; sourceTree = "<group>"; };
		F0FDC0FF298B759600DE2AA6 /* Base */ = {isa = PBXFileReference; lastKnownFileType = file.storyboard; name = Base; path = Base.lproj/LaunchScreen.storyboard; sourceTree = "<group>"; };
		F0FDC101298B759600DE2AA6 /* Info.plist */ = {isa = PBXFileReference; lastKnownFileType = text.plist.xml; path = Info.plist; sourceTree = "<group>"; };
		F0FDC10A298B769800DE2AA6 /* MainViewController.swift */ = {isa = PBXFileReference; lastKnownFileType = sourcecode.swift; path = MainViewController.swift; sourceTree = "<group>"; };
		F12A4D51746FEF1894E95702 /* Pods-Picsum-ImageList.release.xcconfig */ = {isa = PBXFileReference; includeInIndex = 1; lastKnownFileType = text.xcconfig; name = "Pods-Picsum-ImageList.release.xcconfig"; path = "Target Support Files/Pods-Picsum-ImageList/Pods-Picsum-ImageList.release.xcconfig"; sourceTree = "<group>"; };
/* End PBXFileReference section */

/* Begin PBXFrameworksBuildPhase section */
		F0FDC0EA298B759400DE2AA6 /* Frameworks */ = {
			isa = PBXFrameworksBuildPhase;
			buildActionMask = 2147483647;
			files = (
				E54FEA1049161570079E6980 /* Pods_Picsum_ImageList.framework in Frameworks */,
			);
			runOnlyForDeploymentPostprocessing = 0;
		};
/* End PBXFrameworksBuildPhase section */

/* Begin PBXGroup section */
		A19E392F1E6402A55FEC411A /* Pods */ = {
			isa = PBXGroup;
			children = (
				663F118B29CD7172DE23E519 /* Pods-Picsum-ImageList.debug.xcconfig */,
				F12A4D51746FEF1894E95702 /* Pods-Picsum-ImageList.release.xcconfig */,
			);
			path = Pods;
			sourceTree = "<group>";
		};
		A896DB9604C7F2FFCD84EEAF /* Frameworks */ = {
			isa = PBXGroup;
			children = (
				AA98AEAD5A0AF20D5B45775A /* Pods_Picsum_ImageList.framework */,
			);
			name = Frameworks;
			sourceTree = "<group>";
		};
		F0FDC0E4298B759400DE2AA6 = {
			isa = PBXGroup;
			children = (
				F0FDC0EF298B759400DE2AA6 /* Picsum-ImageList */,
				F0FDC0EE298B759400DE2AA6 /* Products */,
				A19E392F1E6402A55FEC411A /* Pods */,
				A896DB9604C7F2FFCD84EEAF /* Frameworks */,
			);
			sourceTree = "<group>";
		};
		F0FDC0EE298B759400DE2AA6 /* Products */ = {
			isa = PBXGroup;
			children = (
				F0FDC0ED298B759400DE2AA6 /* Picsum-ImageList.app */,
			);
			name = Products;
			sourceTree = "<group>";
		};
		F0FDC0EF298B759400DE2AA6 /* Picsum-ImageList */ = {
			isa = PBXGroup;
			children = (
				F0FDC108298B762100DE2AA6 /* Main */,
				F0FDC109298B768700DE2AA6 /* Detail */,
				F0FDC107298B75D600DE2AA6 /* File */,
			);
			path = "Picsum-ImageList";
			sourceTree = "<group>";
		};
		F0FDC107298B75D600DE2AA6 /* File */ = {
			isa = PBXGroup;
			children = (
				F0FDC0F0298B759400DE2AA6 /* AppDelegate.swift */,
				F0FDC0F2298B759400DE2AA6 /* SceneDelegate.swift */,
				F0FDC0FC298B759600DE2AA6 /* Assets.xcassets */,
				F0FDC0FE298B759600DE2AA6 /* LaunchScreen.storyboard */,
				F0FDC101298B759600DE2AA6 /* Info.plist */,
				F0FDC0F9298B759500DE2AA6 /* Picsum_ImageList.xcdatamodeld */,
			);
			name = File;
			sourceTree = "<group>";
		};
		F0FDC108298B762100DE2AA6 /* Main */ = {
			isa = PBXGroup;
			children = (
				F0FDC10A298B769800DE2AA6 /* MainViewController.swift */,
				F066FD4A298B7F6800290D99 /* ImageTableViewCell.swift */,
			);
			name = Main;
			sourceTree = "<group>";
		};
		F0FDC109298B768700DE2AA6 /* Detail */ = {
			isa = PBXGroup;
			children = (
			);
			name = Detail;
			sourceTree = "<group>";
		};
/* End PBXGroup section */

/* Begin PBXNativeTarget section */
		F0FDC0EC298B759400DE2AA6 /* Picsum-ImageList */ = {
			isa = PBXNativeTarget;
			buildConfigurationList = F0FDC104298B759600DE2AA6 /* Build configuration list for PBXNativeTarget "Picsum-ImageList" */;
			buildPhases = (
				3A411631165D2384B9DD479F /* [CP] Check Pods Manifest.lock */,
				F0FDC0E9298B759400DE2AA6 /* Sources */,
				F0FDC0EA298B759400DE2AA6 /* Frameworks */,
				F0FDC0EB298B759400DE2AA6 /* Resources */,
				586BA6FB725D80C315A54EAC /* [CP] Embed Pods Frameworks */,
			);
			buildRules = (
			);
			dependencies = (
			);
			name = "Picsum-ImageList";
			productName = "Picsum-ImageList";
			productReference = F0FDC0ED298B759400DE2AA6 /* Picsum-ImageList.app */;
			productType = "com.apple.product-type.application";
		};
/* End PBXNativeTarget section */

/* Begin PBXProject section */
		F0FDC0E5298B759400DE2AA6 /* Project object */ = {
			isa = PBXProject;
			attributes = {
				BuildIndependentTargetsInParallel = 1;
				LastSwiftUpdateCheck = 1400;
				LastUpgradeCheck = 1400;
				TargetAttributes = {
					F0FDC0EC298B759400DE2AA6 = {
						CreatedOnToolsVersion = 14.0;
					};
				};
			};
			buildConfigurationList = F0FDC0E8298B759400DE2AA6 /* Build configuration list for PBXProject "Picsum-ImageList" */;
			compatibilityVersion = "Xcode 13.0";
			developmentRegion = en;
			hasScannedForEncodings = 0;
			knownRegions = (
				en,
				Base,
			);
			mainGroup = F0FDC0E4298B759400DE2AA6;
			productRefGroup = F0FDC0EE298B759400DE2AA6 /* Products */;
			projectDirPath = "";
			projectRoot = "";
			targets = (
				F0FDC0EC298B759400DE2AA6 /* Picsum-ImageList */,
			);
		};
/* End PBXProject section */

/* Begin PBXResourcesBuildPhase section */
		F0FDC0EB298B759400DE2AA6 /* Resources */ = {
			isa = PBXResourcesBuildPhase;
			buildActionMask = 2147483647;
			files = (
				F0FDC100298B759600DE2AA6 /* LaunchScreen.storyboard in Resources */,
				F0FDC0FD298B759600DE2AA6 /* Assets.xcassets in Resources */,
			);
			runOnlyForDeploymentPostprocessing = 0;
		};
/* End PBXResourcesBuildPhase section */

/* Begin PBXShellScriptBuildPhase section */
		3A411631165D2384B9DD479F /* [CP] Check Pods Manifest.lock */ = {
			isa = PBXShellScriptBuildPhase;
			buildActionMask = 2147483647;
			files = (
			);
			inputFileListPaths = (
			);
			inputPaths = (
				"${PODS_PODFILE_DIR_PATH}/Podfile.lock",
				"${PODS_ROOT}/Manifest.lock",
			);
			name = "[CP] Check Pods Manifest.lock";
			outputFileListPaths = (
			);
			outputPaths = (
				"$(DERIVED_FILE_DIR)/Pods-Picsum-ImageList-checkManifestLockResult.txt",
			);
			runOnlyForDeploymentPostprocessing = 0;
			shellPath = /bin/sh;
			shellScript = "diff \"${PODS_PODFILE_DIR_PATH}/Podfile.lock\" \"${PODS_ROOT}/Manifest.lock\" > /dev/null\nif [ $? != 0 ] ; then\n    # print error to STDERR\n    echo \"error: The sandbox is not in sync with the Podfile.lock. Run 'pod install' or update your CocoaPods installation.\" >&2\n    exit 1\nfi\n# This output is used by Xcode 'outputs' to avoid re-running this script phase.\necho \"SUCCESS\" > \"${SCRIPT_OUTPUT_FILE_0}\"\n";
			showEnvVarsInLog = 0;
		};
		586BA6FB725D80C315A54EAC /* [CP] Embed Pods Frameworks */ = {
			isa = PBXShellScriptBuildPhase;
			buildActionMask = 2147483647;
			files = (
			);
			inputFileListPaths = (
				"${PODS_ROOT}/Target Support Files/Pods-Picsum-ImageList/Pods-Picsum-ImageList-frameworks-${CONFIGURATION}-input-files.xcfilelist",
			);
			name = "[CP] Embed Pods Frameworks";
			outputFileListPaths = (
				"${PODS_ROOT}/Target Support Files/Pods-Picsum-ImageList/Pods-Picsum-ImageList-frameworks-${CONFIGURATION}-output-files.xcfilelist",
			);
			runOnlyForDeploymentPostprocessing = 0;
			shellPath = /bin/sh;
			shellScript = "\"${PODS_ROOT}/Target Support Files/Pods-Picsum-ImageList/Pods-Picsum-ImageList-frameworks.sh\"\n";
			showEnvVarsInLog = 0;
		};
/* End PBXShellScriptBuildPhase section */

/* Begin PBXSourcesBuildPhase section */
		F0FDC0E9298B759400DE2AA6 /* Sources */ = {
			isa = PBXSourcesBuildPhase;
			buildActionMask = 2147483647;
			files = (
				F0FDC0FB298B759500DE2AA6 /* Picsum_ImageList.xcdatamodeld in Sources */,
				F0FDC0F1298B759400DE2AA6 /* AppDelegate.swift in Sources */,
				F066FD4B298B7F6800290D99 /* ImageTableViewCell.swift in Sources */,
				F0FDC0F3298B759400DE2AA6 /* SceneDelegate.swift in Sources */,
				F0FDC10B298B769800DE2AA6 /* MainViewController.swift in Sources */,
			);
			runOnlyForDeploymentPostprocessing = 0;
		};
/* End PBXSourcesBuildPhase section */

/* Begin PBXVariantGroup section */
		F0FDC0FE298B759600DE2AA6 /* LaunchScreen.storyboard */ = {
			isa = PBXVariantGroup;
			children = (
				F0FDC0FF298B759600DE2AA6 /* Base */,
			);
			name = LaunchScreen.storyboard;
			sourceTree = "<group>";
		};
/* End PBXVariantGroup section */

/* Begin XCBuildConfiguration section */
		F0FDC102298B759600DE2AA6 /* Debug */ = {
			isa = XCBuildConfiguration;
			buildSettings = {
				ALWAYS_SEARCH_USER_PATHS = NO;
				CLANG_ANALYZER_NONNULL = YES;
				CLANG_ANALYZER_NUMBER_OBJECT_CONVERSION = YES_AGGRESSIVE;
				CLANG_CXX_LANGUAGE_STANDARD = "gnu++20";
				CLANG_ENABLE_MODULES = YES;
				CLANG_ENABLE_OBJC_ARC = YES;
				CLANG_ENABLE_OBJC_WEAK = YES;
				CLANG_WARN_BLOCK_CAPTURE_AUTORELEASING = YES;
				CLANG_WARN_BOOL_CONVERSION = YES;
				CLANG_WARN_COMMA = YES;
				CLANG_WARN_CONSTANT_CONVERSION = YES;
				CLANG_WARN_DEPRECATED_OBJC_IMPLEMENTATIONS = YES;
				CLANG_WARN_DIRECT_OBJC_ISA_USAGE = YES_ERROR;
				CLANG_WARN_DOCUMENTATION_COMMENTS = YES;
				CLANG_WARN_EMPTY_BODY = YES;
				CLANG_WARN_ENUM_CONVERSION = YES;
				CLANG_WARN_INFINITE_RECURSION = YES;
				CLANG_WARN_INT_CONVERSION = YES;
				CLANG_WARN_NON_LITERAL_NULL_CONVERSION = YES;
				CLANG_WARN_OBJC_IMPLICIT_RETAIN_SELF = YES;
				CLANG_WARN_OBJC_LITERAL_CONVERSION = YES;
				CLANG_WARN_OBJC_ROOT_CLASS = YES_ERROR;
				CLANG_WARN_QUOTED_INCLUDE_IN_FRAMEWORK_HEADER = YES;
				CLANG_WARN_RANGE_LOOP_ANALYSIS = YES;
				CLANG_WARN_STRICT_PROTOTYPES = YES;
				CLANG_WARN_SUSPICIOUS_MOVE = YES;
				CLANG_WARN_UNGUARDED_AVAILABILITY = YES_AGGRESSIVE;
				CLANG_WARN_UNREACHABLE_CODE = YES;
				CLANG_WARN__DUPLICATE_METHOD_MATCH = YES;
				COPY_PHASE_STRIP = NO;
				DEBUG_INFORMATION_FORMAT = dwarf;
				ENABLE_STRICT_OBJC_MSGSEND = YES;
				ENABLE_TESTABILITY = YES;
				GCC_C_LANGUAGE_STANDARD = gnu11;
				GCC_DYNAMIC_NO_PIC = NO;
				GCC_NO_COMMON_BLOCKS = YES;
				GCC_OPTIMIZATION_LEVEL = 0;
				GCC_PREPROCESSOR_DEFINITIONS = (
					"DEBUG=1",
					"$(inherited)",
				);
				GCC_WARN_64_TO_32_BIT_CONVERSION = YES;
				GCC_WARN_ABOUT_RETURN_TYPE = YES_ERROR;
				GCC_WARN_UNDECLARED_SELECTOR = YES;
				GCC_WARN_UNINITIALIZED_AUTOS = YES_AGGRESSIVE;
				GCC_WARN_UNUSED_FUNCTION = YES;
				GCC_WARN_UNUSED_VARIABLE = YES;
				IPHONEOS_DEPLOYMENT_TARGET = 16.0;
				MTL_ENABLE_DEBUG_INFO = INCLUDE_SOURCE;
				MTL_FAST_MATH = YES;
				ONLY_ACTIVE_ARCH = YES;
				SDKROOT = iphoneos;
				SWIFT_ACTIVE_COMPILATION_CONDITIONS = DEBUG;
				SWIFT_OPTIMIZATION_LEVEL = "-Onone";
			};
			name = Debug;
		};
		F0FDC103298B759600DE2AA6 /* Release */ = {
			isa = XCBuildConfiguration;
			buildSettings = {
				ALWAYS_SEARCH_USER_PATHS = NO;
				CLANG_ANALYZER_NONNULL = YES;
				CLANG_ANALYZER_NUMBER_OBJECT_CONVERSION = YES_AGGRESSIVE;
				CLANG_CXX_LANGUAGE_STANDARD = "gnu++20";
				CLANG_ENABLE_MODULES = YES;
				CLANG_ENABLE_OBJC_ARC = YES;
				CLANG_ENABLE_OBJC_WEAK = YES;
				CLANG_WARN_BLOCK_CAPTURE_AUTORELEASING = YES;
				CLANG_WARN_BOOL_CONVERSION = YES;
				CLANG_WARN_COMMA = YES;
				CLANG_WARN_CONSTANT_CONVERSION = YES;
				CLANG_WARN_DEPRECATED_OBJC_IMPLEMENTATIONS = YES;
				CLANG_WARN_DIRECT_OBJC_ISA_USAGE = YES_ERROR;
				CLANG_WARN_DOCUMENTATION_COMMENTS = YES;
				CLANG_WARN_EMPTY_BODY = YES;
				CLANG_WARN_ENUM_CONVERSION = YES;
				CLANG_WARN_INFINITE_RECURSION = YES;
				CLANG_WARN_INT_CONVERSION = YES;
				CLANG_WARN_NON_LITERAL_NULL_CONVERSION = YES;
				CLANG_WARN_OBJC_IMPLICIT_RETAIN_SELF = YES;
				CLANG_WARN_OBJC_LITERAL_CONVERSION = YES;
				CLANG_WARN_OBJC_ROOT_CLASS = YES_ERROR;
				CLANG_WARN_QUOTED_INCLUDE_IN_FRAMEWORK_HEADER = YES;
				CLANG_WARN_RANGE_LOOP_ANALYSIS = YES;
				CLANG_WARN_STRICT_PROTOTYPES = YES;
				CLANG_WARN_SUSPICIOUS_MOVE = YES;
				CLANG_WARN_UNGUARDED_AVAILABILITY = YES_AGGRESSIVE;
				CLANG_WARN_UNREACHABLE_CODE = YES;
				CLANG_WARN__DUPLICATE_METHOD_MATCH = YES;
				COPY_PHASE_STRIP = NO;
				DEBUG_INFORMATION_FORMAT = "dwarf-with-dsym";
				ENABLE_NS_ASSERTIONS = NO;
				ENABLE_STRICT_OBJC_MSGSEND = YES;
				GCC_C_LANGUAGE_STANDARD = gnu11;
				GCC_NO_COMMON_BLOCKS = YES;
				GCC_WARN_64_TO_32_BIT_CONVERSION = YES;
				GCC_WARN_ABOUT_RETURN_TYPE = YES_ERROR;
				GCC_WARN_UNDECLARED_SELECTOR = YES;
				GCC_WARN_UNINITIALIZED_AUTOS = YES_AGGRESSIVE;
				GCC_WARN_UNUSED_FUNCTION = YES;
				GCC_WARN_UNUSED_VARIABLE = YES;
				IPHONEOS_DEPLOYMENT_TARGET = 16.0;
				MTL_ENABLE_DEBUG_INFO = NO;
				MTL_FAST_MATH = YES;
				SDKROOT = iphoneos;
				SWIFT_COMPILATION_MODE = wholemodule;
				SWIFT_OPTIMIZATION_LEVEL = "-O";
				VALIDATE_PRODUCT = YES;
			};
			name = Release;
		};
		F0FDC105298B759600DE2AA6 /* Debug */ = {
			isa = XCBuildConfiguration;
			baseConfigurationReference = 663F118B29CD7172DE23E519 /* Pods-Picsum-ImageList.debug.xcconfig */;
			buildSettings = {
				ASSETCATALOG_COMPILER_APPICON_NAME = AppIcon;
				ASSETCATALOG_COMPILER_GLOBAL_ACCENT_COLOR_NAME = AccentColor;
				CODE_SIGN_STYLE = Automatic;
				CURRENT_PROJECT_VERSION = 1;
				DEVELOPMENT_TEAM = 784J694B86;
				GENERATE_INFOPLIST_FILE = YES;
				INFOPLIST_FILE = "Picsum-ImageList/Info.plist";
				INFOPLIST_KEY_UIApplicationSupportsIndirectInputEvents = YES;
				INFOPLIST_KEY_UILaunchStoryboardName = LaunchScreen;
				INFOPLIST_KEY_UISupportedInterfaceOrientations_iPad = "UIInterfaceOrientationPortrait UIInterfaceOrientationPortraitUpsideDown UIInterfaceOrientationLandscapeLeft UIInterfaceOrientationLandscapeRight";
				INFOPLIST_KEY_UISupportedInterfaceOrientations_iPhone = "UIInterfaceOrientationPortrait UIInterfaceOrientationLandscapeLeft UIInterfaceOrientationLandscapeRight";
				LD_RUNPATH_SEARCH_PATHS = (
					"$(inherited)",
					"@executable_path/Frameworks",
				);
				MARKETING_VERSION = 1.0;
				PRODUCT_BUNDLE_IDENTIFIER = "com.davin.Picsum-ImageList";
				PRODUCT_NAME = "$(TARGET_NAME)";
				SWIFT_EMIT_LOC_STRINGS = YES;
				SWIFT_VERSION = 5.0;
				TARGETED_DEVICE_FAMILY = "1,2";
			};
			name = Debug;
		};
		F0FDC106298B759600DE2AA6 /* Release */ = {
			isa = XCBuildConfiguration;
			baseConfigurationReference = F12A4D51746FEF1894E95702 /* Pods-Picsum-ImageList.release.xcconfig */;
			buildSettings = {
				ASSETCATALOG_COMPILER_APPICON_NAME = AppIcon;
				ASSETCATALOG_COMPILER_GLOBAL_ACCENT_COLOR_NAME = AccentColor;
				CODE_SIGN_STYLE = Automatic;
				CURRENT_PROJECT_VERSION = 1;
				DEVELOPMENT_TEAM = 784J694B86;
				GENERATE_INFOPLIST_FILE = YES;
				INFOPLIST_FILE = "Picsum-ImageList/Info.plist";
				INFOPLIST_KEY_UIApplicationSupportsIndirectInputEvents = YES;
				INFOPLIST_KEY_UILaunchStoryboardName = LaunchScreen;
				INFOPLIST_KEY_UISupportedInterfaceOrientations_iPad = "UIInterfaceOrientationPortrait UIInterfaceOrientationPortraitUpsideDown UIInterfaceOrientationLandscapeLeft UIInterfaceOrientationLandscapeRight";
				INFOPLIST_KEY_UISupportedInterfaceOrientations_iPhone = "UIInterfaceOrientationPortrait UIInterfaceOrientationLandscapeLeft UIInterfaceOrientationLandscapeRight";
				LD_RUNPATH_SEARCH_PATHS = (
					"$(inherited)",
					"@executable_path/Frameworks",
				);
				MARKETING_VERSION = 1.0;
				PRODUCT_BUNDLE_IDENTIFIER = "com.davin.Picsum-ImageList";
				PRODUCT_NAME = "$(TARGET_NAME)";
				SWIFT_EMIT_LOC_STRINGS = YES;
				SWIFT_VERSION = 5.0;
				TARGETED_DEVICE_FAMILY = "1,2";
			};
			name = Release;
		};
/* End XCBuildConfiguration section */

/* Begin XCConfigurationList section */
		F0FDC0E8298B759400DE2AA6 /* Build configuration list for PBXProject "Picsum-ImageList" */ = {
			isa = XCConfigurationList;
			buildConfigurations = (
				F0FDC102298B759600DE2AA6 /* Debug */,
				F0FDC103298B759600DE2AA6 /* Release */,
			);
			defaultConfigurationIsVisible = 0;
			defaultConfigurationName = Release;
		};
		F0FDC104298B759600DE2AA6 /* Build configuration list for PBXNativeTarget "Picsum-ImageList" */ = {
			isa = XCConfigurationList;
			buildConfigurations = (
				F0FDC105298B759600DE2AA6 /* Debug */,
				F0FDC106298B759600DE2AA6 /* Release */,
			);
			defaultConfigurationIsVisible = 0;
			defaultConfigurationName = Release;
		};
/* End XCConfigurationList section */

/* Begin XCVersionGroup section */
		F0FDC0F9298B759500DE2AA6 /* Picsum_ImageList.xcdatamodeld */ = {
			isa = XCVersionGroup;
			children = (
				F0FDC0FA298B759500DE2AA6 /* Picsum_ImageList.xcdatamodel */,
			);
			currentVersion = F0FDC0FA298B759500DE2AA6 /* Picsum_ImageList.xcdatamodel */;
			path = Picsum_ImageList.xcdatamodeld;
			sourceTree = "<group>";
			versionGroupType = wrapper.xcdatamodel;
		};
/* End XCVersionGroup section */
	};
	rootObject = F0FDC0E5298B759400DE2AA6 /* Project object */;
}
